// !$*UTF8*$!
{
	archiveVersion = 1;
	classes = {
	};
	objectVersion = 46;
	objects = {

/* Begin PBXBuildFile section */
		340EB6BF18A3281E009C9B34 /* left-arrow@2x.png in Resources */ = {isa = PBXBuildFile; fileRef = 340EB6BD18A3281E009C9B34 /* left-arrow@2x.png */; };
		340EB6C018A3281E009C9B34 /* right-arrow@2x.png in Resources */ = {isa = PBXBuildFile; fileRef = 340EB6BE18A3281E009C9B34 /* right-arrow@2x.png */; };
		340EB6D318A362EC009C9B34 /* BINDayViewController.m in Sources */ = {isa = PBXBuildFile; fileRef = 340EB6D218A362EC009C9B34 /* BINDayViewController.m */; };
		3411EF7D18A285F1003A0691 /* showDetailPic@2x.png in Resources */ = {isa = PBXBuildFile; fileRef = 3411EF7C18A285F1003A0691 /* showDetailPic@2x.png */; };
		3411EF8518A28811003A0691 /* BINCalendarViewController.m in Sources */ = {isa = PBXBuildFile; fileRef = 3411EF8418A28811003A0691 /* BINCalendarViewController.m */; };
		3411EF8818A28882003A0691 /* BINDayButton.m in Sources */ = {isa = PBXBuildFile; fileRef = 3411EF8718A28882003A0691 /* BINDayButton.m */; };
		3411EF8B18A2889A003A0691 /* BINCalendar.m in Sources */ = {isa = PBXBuildFile; fileRef = 3411EF8A18A2889A003A0691 /* BINCalendar.m */; };
		341B862118A1ED43000DF75B /* BINIncomeViewController.m in Sources */ = {isa = PBXBuildFile; fileRef = 341B861F18A1ED43000DF75B /* BINIncomeViewController.m */; };
		341B862218A1ED43000DF75B /* BINIncomeViewController.xib in Resources */ = {isa = PBXBuildFile; fileRef = 341B862018A1ED43000DF75B /* BINIncomeViewController.xib */; };
		341FCA8718A133970045BE91 /* XYPieChart.m in Sources */ = {isa = PBXBuildFile; fileRef = 341FCA8618A133970045BE91 /* XYPieChart.m */; };
		341FCA8B18A14CC00045BE91 /* BINExpenseViewController.m in Sources */ = {isa = PBXBuildFile; fileRef = 341FCA8918A14CC00045BE91 /* BINExpenseViewController.m */; };
		341FCA8C18A14CC00045BE91 /* BINExpenseViewController.xib in Resources */ = {isa = PBXBuildFile; fileRef = 341FCA8A18A14CC00045BE91 /* BINExpenseViewController.xib */; };
		34335E82189DF4D000FF00B7 /* Foundation.framework in Frameworks */ = {isa = PBXBuildFile; fileRef = 34335E81189DF4D000FF00B7 /* Foundation.framework */; };
		34335E84189DF4D000FF00B7 /* CoreGraphics.framework in Frameworks */ = {isa = PBXBuildFile; fileRef = 34335E83189DF4D000FF00B7 /* CoreGraphics.framework */; };
		34335E86189DF4D000FF00B7 /* UIKit.framework in Frameworks */ = {isa = PBXBuildFile; fileRef = 34335E85189DF4D000FF00B7 /* UIKit.framework */; };
		34335E8C189DF4D000FF00B7 /* InfoPlist.strings in Resources */ = {isa = PBXBuildFile; fileRef = 34335E8A189DF4D000FF00B7 /* InfoPlist.strings */; };
		34335E8E189DF4D000FF00B7 /* main.m in Sources */ = {isa = PBXBuildFile; fileRef = 34335E8D189DF4D000FF00B7 /* main.m */; };
		34335E92189DF4D000FF00B7 /* BINAppDelegate.m in Sources */ = {isa = PBXBuildFile; fileRef = 34335E91189DF4D000FF00B7 /* BINAppDelegate.m */; };
		34335E94189DF4D000FF00B7 /* Images.xcassets in Resources */ = {isa = PBXBuildFile; fileRef = 34335E93189DF4D000FF00B7 /* Images.xcassets */; };
		34335E9B189DF4D000FF00B7 /* XCTest.framework in Frameworks */ = {isa = PBXBuildFile; fileRef = 34335E9A189DF4D000FF00B7 /* XCTest.framework */; };
		34335E9C189DF4D000FF00B7 /* Foundation.framework in Frameworks */ = {isa = PBXBuildFile; fileRef = 34335E81189DF4D000FF00B7 /* Foundation.framework */; };
		34335E9D189DF4D000FF00B7 /* UIKit.framework in Frameworks */ = {isa = PBXBuildFile; fileRef = 34335E85189DF4D000FF00B7 /* UIKit.framework */; };
		34335EA5189DF4D000FF00B7 /* InfoPlist.strings in Resources */ = {isa = PBXBuildFile; fileRef = 34335EA3189DF4D000FF00B7 /* InfoPlist.strings */; };
		34335EA7189DF4D000FF00B7 /* MyFinanceTests.m in Sources */ = {isa = PBXBuildFile; fileRef = 34335EA6189DF4D000FF00B7 /* MyFinanceTests.m */; };
		34335F32189DFABD00FF00B7 /* BINMainViewController.m in Sources */ = {isa = PBXBuildFile; fileRef = 34335F30189DFABD00FF00B7 /* BINMainViewController.m */; };
		34335F33189DFABD00FF00B7 /* BINMainViewController.xib in Resources */ = {isa = PBXBuildFile; fileRef = 34335F31189DFABD00FF00B7 /* BINMainViewController.xib */; };
		34335F37189E10BB00FF00B7 /* BINTabBarController.xib in Resources */ = {isa = PBXBuildFile; fileRef = 34335F36189E10BB00FF00B7 /* BINTabBarController.xib */; };
		34335F4C189E1A3B00FF00B7 /* calendar@2x.png in Resources */ = {isa = PBXBuildFile; fileRef = 34335F49189E1A3B00FF00B7 /* calendar@2x.png */; };
		34335F4D189E1A3B00FF00B7 /* main@2x.png in Resources */ = {isa = PBXBuildFile; fileRef = 34335F4A189E1A3B00FF00B7 /* main@2x.png */; };
		34335F4E189E1A3B00FF00B7 /* write@2x.png in Resources */ = {isa = PBXBuildFile; fileRef = 34335F4B189E1A3B00FF00B7 /* write@2x.png */; };
		34335F52189E1AD800FF00B7 /* BINWriteViewController.m in Sources */ = {isa = PBXBuildFile; fileRef = 34335F50189E1AD800FF00B7 /* BINWriteViewController.m */; };
		34335F53189E1AD800FF00B7 /* BINWriteViewController.xib in Resources */ = {isa = PBXBuildFile; fileRef = 34335F51189E1AD800FF00B7 /* BINWriteViewController.xib */; };
		34E93E57189E74FB007C790C /* thingsDictionary.plist in Resources */ = {isa = PBXBuildFile; fileRef = 34E93E56189E74FB007C790C /* thingsDictionary.plist */; };
/* End PBXBuildFile section */

/* Begin PBXContainerItemProxy section */
		34335E9E189DF4D000FF00B7 /* PBXContainerItemProxy */ = {
			isa = PBXContainerItemProxy;
			containerPortal = 34335E76189DF4D000FF00B7 /* Project object */;
			proxyType = 1;
			remoteGlobalIDString = 34335E7D189DF4D000FF00B7;
			remoteInfo = MyFinance;
		};
/* End PBXContainerItemProxy section */

/* Begin PBXFileReference section */
		340EB6BD18A3281E009C9B34 /* left-arrow@2x.png */ = {isa = PBXFileReference; lastKnownFileType = image.png; path = "left-arrow@2x.png"; sourceTree = "<group>"; };
		340EB6BE18A3281E009C9B34 /* right-arrow@2x.png */ = {isa = PBXFileReference; lastKnownFileType = image.png; path = "right-arrow@2x.png"; sourceTree = "<group>"; };
		340EB6D118A362EC009C9B34 /* BINDayViewController.h */ = {isa = PBXFileReference; fileEncoding = 4; lastKnownFileType = sourcecode.c.h; path = BINDayViewController.h; sourceTree = "<group>"; };
		340EB6D218A362EC009C9B34 /* BINDayViewController.m */ = {isa = PBXFileReference; fileEncoding = 4; lastKnownFileType = sourcecode.c.objc; path = BINDayViewController.m; sourceTree = "<group>"; };
		3411EF7C18A285F1003A0691 /* showDetailPic@2x.png */ = {isa = PBXFileReference; lastKnownFileType = image.png; path = "showDetailPic@2x.png"; sourceTree = "<group>"; };
		3411EF8318A28811003A0691 /* BINCalendarViewController.h */ = {isa = PBXFileReference; fileEncoding = 4; lastKnownFileType = sourcecode.c.h; path = BINCalendarViewController.h; sourceTree = "<group>"; };
		3411EF8418A28811003A0691 /* BINCalendarViewController.m */ = {isa = PBXFileReference; fileEncoding = 4; lastKnownFileType = sourcecode.c.objc; path = BINCalendarViewController.m; sourceTree = "<group>"; };
		3411EF8618A28882003A0691 /* BINDayButton.h */ = {isa = PBXFileReference; fileEncoding = 4; lastKnownFileType = sourcecode.c.h; path = BINDayButton.h; sourceTree = "<group>"; };
		3411EF8718A28882003A0691 /* BINDayButton.m */ = {isa = PBXFileReference; fileEncoding = 4; lastKnownFileType = sourcecode.c.objc; path = BINDayButton.m; sourceTree = "<group>"; };
		3411EF8918A2889A003A0691 /* BINCalendar.h */ = {isa = PBXFileReference; fileEncoding = 4; lastKnownFileType = sourcecode.c.h; path = BINCalendar.h; sourceTree = "<group>"; };
		3411EF8A18A2889A003A0691 /* BINCalendar.m */ = {isa = PBXFileReference; fileEncoding = 4; lastKnownFileType = sourcecode.c.objc; path = BINCalendar.m; sourceTree = "<group>"; };
		341B861E18A1ED43000DF75B /* BINIncomeViewController.h */ = {isa = PBXFileReference; fileEncoding = 4; lastKnownFileType = sourcecode.c.h; path = BINIncomeViewController.h; sourceTree = "<group>"; };
		341B861F18A1ED43000DF75B /* BINIncomeViewController.m */ = {isa = PBXFileReference; fileEncoding = 4; lastKnownFileType = sourcecode.c.objc; path = BINIncomeViewController.m; sourceTree = "<group>"; };
		341B862018A1ED43000DF75B /* BINIncomeViewController.xib */ = {isa = PBXFileReference; fileEncoding = 4; lastKnownFileType = file.xib; path = BINIncomeViewController.xib; sourceTree = "<group>"; };
		341FCA8518A133970045BE91 /* XYPieChart.h */ = {isa = PBXFileReference; fileEncoding = 4; lastKnownFileType = sourcecode.c.h; path = XYPieChart.h; sourceTree = "<group>"; };
		341FCA8618A133970045BE91 /* XYPieChart.m */ = {isa = PBXFileReference; fileEncoding = 4; lastKnownFileType = sourcecode.c.objc; path = XYPieChart.m; sourceTree = "<group>"; };
		341FCA8818A14CC00045BE91 /* BINExpenseViewController.h */ = {isa = PBXFileReference; fileEncoding = 4; lastKnownFileType = sourcecode.c.h; path = BINExpenseViewController.h; sourceTree = "<group>"; };
		341FCA8918A14CC00045BE91 /* BINExpenseViewController.m */ = {isa = PBXFileReference; fileEncoding = 4; lastKnownFileType = sourcecode.c.objc; path = BINExpenseViewController.m; sourceTree = "<group>"; };
		341FCA8A18A14CC00045BE91 /* BINExpenseViewController.xib */ = {isa = PBXFileReference; fileEncoding = 4; lastKnownFileType = file.xib; path = BINExpenseViewController.xib; sourceTree = "<group>"; };
		34335E7E189DF4D000FF00B7 /* MyFinance.app */ = {isa = PBXFileReference; explicitFileType = wrapper.application; includeInIndex = 0; path = MyFinance.app; sourceTree = BUILT_PRODUCTS_DIR; };
		34335E81189DF4D000FF00B7 /* Foundation.framework */ = {isa = PBXFileReference; lastKnownFileType = wrapper.framework; name = Foundation.framework; path = System/Library/Frameworks/Foundation.framework; sourceTree = SDKROOT; };
		34335E83189DF4D000FF00B7 /* CoreGraphics.framework */ = {isa = PBXFileReference; lastKnownFileType = wrapper.framework; name = CoreGraphics.framework; path = System/Library/Frameworks/CoreGraphics.framework; sourceTree = SDKROOT; };
		34335E85189DF4D000FF00B7 /* UIKit.framework */ = {isa = PBXFileReference; lastKnownFileType = wrapper.framework; name = UIKit.framework; path = System/Library/Frameworks/UIKit.framework; sourceTree = SDKROOT; };
		34335E89189DF4D000FF00B7 /* MyFinance-Info.plist */ = {isa = PBXFileReference; lastKnownFileType = text.plist.xml; path = "MyFinance-Info.plist"; sourceTree = "<group>"; };
		34335E8B189DF4D000FF00B7 /* en */ = {isa = PBXFileReference; lastKnownFileType = text.plist.strings; name = en; path = en.lproj/InfoPlist.strings; sourceTree = "<group>"; };
		34335E8D189DF4D000FF00B7 /* main.m */ = {isa = PBXFileReference; lastKnownFileType = sourcecode.c.objc; path = main.m; sourceTree = "<group>"; };
		34335E8F189DF4D000FF00B7 /* MyFinance-Prefix.pch */ = {isa = PBXFileReference; lastKnownFileType = sourcecode.c.h; path = "MyFinance-Prefix.pch"; sourceTree = "<group>"; };
		34335E90189DF4D000FF00B7 /* BINAppDelegate.h */ = {isa = PBXFileReference; lastKnownFileType = sourcecode.c.h; path = BINAppDelegate.h; sourceTree = "<group>"; };
		34335E91189DF4D000FF00B7 /* BINAppDelegate.m */ = {isa = PBXFileReference; lastKnownFileType = sourcecode.c.objc; path = BINAppDelegate.m; sourceTree = "<group>"; };
		34335E93189DF4D000FF00B7 /* Images.xcassets */ = {isa = PBXFileReference; lastKnownFileType = folder.assetcatalog; path = Images.xcassets; sourceTree = "<group>"; };
		34335E99189DF4D000FF00B7 /* MyFinanceTests.xctest */ = {isa = PBXFileReference; explicitFileType = wrapper.cfbundle; includeInIndex = 0; path = MyFinanceTests.xctest; sourceTree = BUILT_PRODUCTS_DIR; };
		34335E9A189DF4D000FF00B7 /* XCTest.framework */ = {isa = PBXFileReference; lastKnownFileType = wrapper.framework; name = XCTest.framework; path = Library/Frameworks/XCTest.framework; sourceTree = DEVELOPER_DIR; };
		34335EA2189DF4D000FF00B7 /* MyFinanceTests-Info.plist */ = {isa = PBXFileReference; lastKnownFileType = text.plist.xml; path = "MyFinanceTests-Info.plist"; sourceTree = "<group>"; };
		34335EA4189DF4D000FF00B7 /* en */ = {isa = PBXFileReference; lastKnownFileType = text.plist.strings; name = en; path = en.lproj/InfoPlist.strings; sourceTree = "<group>"; };
		34335EA6189DF4D000FF00B7 /* MyFinanceTests.m */ = {isa = PBXFileReference; lastKnownFileType = sourcecode.c.objc; path = MyFinanceTests.m; sourceTree = "<group>"; };
		34335F2F189DFABD00FF00B7 /* BINMainViewController.h */ = {isa = PBXFileReference; fileEncoding = 4; lastKnownFileType = sourcecode.c.h; path = BINMainViewController.h; sourceTree = "<group>"; };
		34335F30189DFABD00FF00B7 /* BINMainViewController.m */ = {isa = PBXFileReference; fileEncoding = 4; lastKnownFileType = sourcecode.c.objc; path = BINMainViewController.m; sourceTree = "<group>"; };
		34335F31189DFABD00FF00B7 /* BINMainViewController.xib */ = {isa = PBXFileReference; fileEncoding = 4; lastKnownFileType = file.xib; path = BINMainViewController.xib; sourceTree = "<group>"; };
		34335F36189E10BB00FF00B7 /* BINTabBarController.xib */ = {isa = PBXFileReference; fileEncoding = 4; lastKnownFileType = file.xib; path = BINTabBarController.xib; sourceTree = "<group>"; };
		34335F49189E1A3B00FF00B7 /* calendar@2x.png */ = {isa = PBXFileReference; lastKnownFileType = image.png; path = "calendar@2x.png"; sourceTree = "<group>"; };
		34335F4A189E1A3B00FF00B7 /* main@2x.png */ = {isa = PBXFileReference; lastKnownFileType = image.png; path = "main@2x.png"; sourceTree = "<group>"; };
		34335F4B189E1A3B00FF00B7 /* write@2x.png */ = {isa = PBXFileReference; lastKnownFileType = image.png; path = "write@2x.png"; sourceTree = "<group>"; };
		34335F4F189E1AD800FF00B7 /* BINWriteViewController.h */ = {isa = PBXFileReference; fileEncoding = 4; lastKnownFileType = sourcecode.c.h; name = BINWriteViewController.h; path = ../BINWriteViewController.h; sourceTree = "<group>"; };
		34335F50189E1AD800FF00B7 /* BINWriteViewController.m */ = {isa = PBXFileReference; fileEncoding = 4; lastKnownFileType = sourcecode.c.objc; name = BINWriteViewController.m; path = ../BINWriteViewController.m; sourceTree = "<group>"; };
		34335F51189E1AD800FF00B7 /* BINWriteViewController.xib */ = {isa = PBXFileReference; fileEncoding = 4; lastKnownFileType = file.xib; name = BINWriteViewController.xib; path = ../BINWriteViewController.xib; sourceTree = "<group>"; };
		34E93E56189E74FB007C790C /* thingsDictionary.plist */ = {isa = PBXFileReference; fileEncoding = 4; lastKnownFileType = text.plist.xml; path = thingsDictionary.plist; sourceTree = "<group>"; };
/* End PBXFileReference section */

/* Begin PBXFrameworksBuildPhase section */
		34335E7B189DF4D000FF00B7 /* Frameworks */ = {
			isa = PBXFrameworksBuildPhase;
			buildActionMask = 2147483647;
			files = (
				34335E84189DF4D000FF00B7 /* CoreGraphics.framework in Frameworks */,
				34335E86189DF4D000FF00B7 /* UIKit.framework in Frameworks */,
				34335E82189DF4D000FF00B7 /* Foundation.framework in Frameworks */,
			);
			runOnlyForDeploymentPostprocessing = 0;
		};
		34335E96189DF4D000FF00B7 /* Frameworks */ = {
			isa = PBXFrameworksBuildPhase;
			buildActionMask = 2147483647;
			files = (
				34335E9B189DF4D000FF00B7 /* XCTest.framework in Frameworks */,
				34335E9D189DF4D000FF00B7 /* UIKit.framework in Frameworks */,
				34335E9C189DF4D000FF00B7 /* Foundation.framework in Frameworks */,
			);
			runOnlyForDeploymentPostprocessing = 0;
		};
/* End PBXFrameworksBuildPhase section */

/* Begin PBXGroup section */
		3411EF7B18A285F1003A0691 /* pic */ = {
			isa = PBXGroup;
			children = (
				340EB6BD18A3281E009C9B34 /* left-arrow@2x.png */,
				340EB6BE18A3281E009C9B34 /* right-arrow@2x.png */,
				3411EF7C18A285F1003A0691 /* showDetailPic@2x.png */,
			);
			path = pic;
			sourceTree = "<group>";
		};
		341FCA8418A133970045BE91 /* tools */ = {
			isa = PBXGroup;
			children = (
				341FCA8518A133970045BE91 /* XYPieChart.h */,
				341FCA8618A133970045BE91 /* XYPieChart.m */,
			);
			path = tools;
			sourceTree = SOURCE_ROOT;
		};
		34335E75189DF4D000FF00B7 = {
			isa = PBXGroup;
			children = (
				34335E87189DF4D000FF00B7 /* MyFinance */,
				34335EA0189DF4D000FF00B7 /* MyFinanceTests */,
				34335E80189DF4D000FF00B7 /* Frameworks */,
				34335E7F189DF4D000FF00B7 /* Products */,
			);
			sourceTree = "<group>";
		};
		34335E7F189DF4D000FF00B7 /* Products */ = {
			isa = PBXGroup;
			children = (
				34335E7E189DF4D000FF00B7 /* MyFinance.app */,
				34335E99189DF4D000FF00B7 /* MyFinanceTests.xctest */,
			);
			name = Products;
			sourceTree = "<group>";
		};
		34335E80189DF4D000FF00B7 /* Frameworks */ = {
			isa = PBXGroup;
			children = (
				34335E81189DF4D000FF00B7 /* Foundation.framework */,
				34335E83189DF4D000FF00B7 /* CoreGraphics.framework */,
				34335E85189DF4D000FF00B7 /* UIKit.framework */,
				34335E9A189DF4D000FF00B7 /* XCTest.framework */,
			);
			name = Frameworks;
			sourceTree = "<group>";
		};
		34335E87189DF4D000FF00B7 /* MyFinance */ = {
			isa = PBXGroup;
			children = (
				341FCA8418A133970045BE91 /* tools */,
				34335E90189DF4D000FF00B7 /* BINAppDelegate.h */,
				34335E91189DF4D000FF00B7 /* BINAppDelegate.m */,
				34335E93189DF4D000FF00B7 /* Images.xcassets */,
				34335F36189E10BB00FF00B7 /* BINTabBarController.xib */,
				34335F2F189DFABD00FF00B7 /* BINMainViewController.h */,
				34335F30189DFABD00FF00B7 /* BINMainViewController.m */,
				34335F31189DFABD00FF00B7 /* BINMainViewController.xib */,
				34335F4F189E1AD800FF00B7 /* BINWriteViewController.h */,
				34335F50189E1AD800FF00B7 /* BINWriteViewController.m */,
				34335F51189E1AD800FF00B7 /* BINWriteViewController.xib */,
				341B861E18A1ED43000DF75B /* BINIncomeViewController.h */,
				341B861F18A1ED43000DF75B /* BINIncomeViewController.m */,
				341B862018A1ED43000DF75B /* BINIncomeViewController.xib */,
				341FCA8818A14CC00045BE91 /* BINExpenseViewController.h */,
				341FCA8918A14CC00045BE91 /* BINExpenseViewController.m */,
				341FCA8A18A14CC00045BE91 /* BINExpenseViewController.xib */,
				3411EF8618A28882003A0691 /* BINDayButton.h */,
				3411EF8718A28882003A0691 /* BINDayButton.m */,
				3411EF8918A2889A003A0691 /* BINCalendar.h */,
				3411EF8A18A2889A003A0691 /* BINCalendar.m */,
				3411EF8318A28811003A0691 /* BINCalendarViewController.h */,
				3411EF8418A28811003A0691 /* BINCalendarViewController.m */,
				340EB6D118A362EC009C9B34 /* BINDayViewController.h */,
				340EB6D218A362EC009C9B34 /* BINDayViewController.m */,
				34335F48189E1A3B00FF00B7 /* pic */,
				34E93E55189E74B7007C790C /* resources */,
				34335E88189DF4D000FF00B7 /* Supporting Files */,
			);
			path = MyFinance;
			sourceTree = "<group>";
		};
		34335E88189DF4D000FF00B7 /* Supporting Files */ = {
			isa = PBXGroup;
			children = (
				34335E89189DF4D000FF00B7 /* MyFinance-Info.plist */,
				34335E8A189DF4D000FF00B7 /* InfoPlist.strings */,
				34335E8D189DF4D000FF00B7 /* main.m */,
				34335E8F189DF4D000FF00B7 /* MyFinance-Prefix.pch */,
			);
			name = "Supporting Files";
			sourceTree = "<group>";
		};
		34335EA0189DF4D000FF00B7 /* MyFinanceTests */ = {
			isa = PBXGroup;
			children = (
				34335EA6189DF4D000FF00B7 /* MyFinanceTests.m */,
				34335EA1189DF4D000FF00B7 /* Supporting Files */,
			);
			path = MyFinanceTests;
			sourceTree = "<group>";
		};
		34335EA1189DF4D000FF00B7 /* Supporting Files */ = {
			isa = PBXGroup;
			children = (
				34335EA2189DF4D000FF00B7 /* MyFinanceTests-Info.plist */,
				34335EA3189DF4D000FF00B7 /* InfoPlist.strings */,
			);
			name = "Supporting Files";
			sourceTree = "<group>";
		};
		34335F48189E1A3B00FF00B7 /* pic */ = {
			isa = PBXGroup;
			children = (
				34335F49189E1A3B00FF00B7 /* calendar@2x.png */,
				34335F4A189E1A3B00FF00B7 /* main@2x.png */,
				34335F4B189E1A3B00FF00B7 /* write@2x.png */,
			);
			path = pic;
			sourceTree = SOURCE_ROOT;
		};
		34E93E55189E74B7007C790C /* resources */ = {
			isa = PBXGroup;
			children = (
				3411EF7B18A285F1003A0691 /* pic */,
				34E93E56189E74FB007C790C /* thingsDictionary.plist */,
			);
			path = resources;
			sourceTree = SOURCE_ROOT;
		};
/* End PBXGroup section */

/* Begin PBXNativeTarget section */
		34335E7D189DF4D000FF00B7 /* MyFinance */ = {
			isa = PBXNativeTarget;
			buildConfigurationList = 34335EAA189DF4D000FF00B7 /* Build configuration list for PBXNativeTarget "MyFinance" */;
			buildPhases = (
				34335E7A189DF4D000FF00B7 /* Sources */,
				34335E7B189DF4D000FF00B7 /* Frameworks */,
				34335E7C189DF4D000FF00B7 /* Resources */,
			);
			buildRules = (
			);
			dependencies = (
			);
			name = MyFinance;
			productName = MyFinance;
			productReference = 34335E7E189DF4D000FF00B7 /* MyFinance.app */;
			productType = "com.apple.product-type.application";
		};
		34335E98189DF4D000FF00B7 /* MyFinanceTests */ = {
			isa = PBXNativeTarget;
			buildConfigurationList = 34335EAD189DF4D000FF00B7 /* Build configuration list for PBXNativeTarget "MyFinanceTests" */;
			buildPhases = (
				34335E95189DF4D000FF00B7 /* Sources */,
				34335E96189DF4D000FF00B7 /* Frameworks */,
				34335E97189DF4D000FF00B7 /* Resources */,
			);
			buildRules = (
			);
			dependencies = (
				34335E9F189DF4D000FF00B7 /* PBXTargetDependency */,
			);
			name = MyFinanceTests;
			productName = MyFinanceTests;
			productReference = 34335E99189DF4D000FF00B7 /* MyFinanceTests.xctest */;
			productType = "com.apple.product-type.bundle.unit-test";
		};
/* End PBXNativeTarget section */

/* Begin PBXProject section */
		34335E76189DF4D000FF00B7 /* Project object */ = {
			isa = PBXProject;
			attributes = {
				CLASSPREFIX = BIN;
				LastUpgradeCheck = 0500;
				ORGANIZATIONNAME = bin;
				TargetAttributes = {
					34335E98189DF4D000FF00B7 = {
						TestTargetID = 34335E7D189DF4D000FF00B7;
					};
				};
			};
			buildConfigurationList = 34335E79189DF4D000FF00B7 /* Build configuration list for PBXProject "MyFinance" */;
			compatibilityVersion = "Xcode 3.2";
			developmentRegion = English;
			hasScannedForEncodings = 0;
			knownRegions = (
				en,
			);
			mainGroup = 34335E75189DF4D000FF00B7;
			productRefGroup = 34335E7F189DF4D000FF00B7 /* Products */;
			projectDirPath = "";
			projectRoot = "";
			targets = (
				34335E7D189DF4D000FF00B7 /* MyFinance */,
				34335E98189DF4D000FF00B7 /* MyFinanceTests */,
			);
		};
/* End PBXProject section */

/* Begin PBXResourcesBuildPhase section */
		34335E7C189DF4D000FF00B7 /* Resources */ = {
			isa = PBXResourcesBuildPhase;
			buildActionMask = 2147483647;
			files = (
				34335E8C189DF4D000FF00B7 /* InfoPlist.strings in Resources */,
				341FCA8C18A14CC00045BE91 /* BINExpenseViewController.xib in Resources */,
				34335F37189E10BB00FF00B7 /* BINTabBarController.xib in Resources */,
				34335E94189DF4D000FF00B7 /* Images.xcassets in Resources */,
				34335F4D189E1A3B00FF00B7 /* main@2x.png in Resources */,
				34335F4E189E1A3B00FF00B7 /* write@2x.png in Resources */,
				34335F33189DFABD00FF00B7 /* BINMainViewController.xib in Resources */,
				340EB6C018A3281E009C9B34 /* right-arrow@2x.png in Resources */,
				34335F53189E1AD800FF00B7 /* BINWriteViewController.xib in Resources */,
				341B862218A1ED43000DF75B /* BINIncomeViewController.xib in Resources */,
				3411EF7D18A285F1003A0691 /* showDetailPic@2x.png in Resources */,
				340EB6BF18A3281E009C9B34 /* left-arrow@2x.png in Resources */,
				34335F4C189E1A3B00FF00B7 /* calendar@2x.png in Resources */,
				34E93E57189E74FB007C790C /* thingsDictionary.plist in Resources */,
			);
			runOnlyForDeploymentPostprocessing = 0;
		};
		34335E97189DF4D000FF00B7 /* Resources */ = {
			isa = PBXResourcesBuildPhase;
			buildActionMask = 2147483647;
			files = (
				34335EA5189DF4D000FF00B7 /* InfoPlist.strings in Resources */,
			);
			runOnlyForDeploymentPostprocessing = 0;
		};
/* End PBXResourcesBuildPhase section */

/* Begin PBXSourcesBuildPhase section */
		34335E7A189DF4D000FF00B7 /* Sources */ = {
			isa = PBXSourcesBuildPhase;
			buildActionMask = 2147483647;
			files = (
				3411EF8518A28811003A0691 /* BINCalendarViewController.m in Sources */,
				34335E92189DF4D000FF00B7 /* BINAppDelegate.m in Sources */,
				340EB6D318A362EC009C9B34 /* BINDayViewController.m in Sources */,
				3411EF8818A28882003A0691 /* BINDayButton.m in Sources */,
				341FCA8B18A14CC00045BE91 /* BINExpenseViewController.m in Sources */,
				34335E8E189DF4D000FF00B7 /* main.m in Sources */,
				3411EF8B18A2889A003A0691 /* BINCalendar.m in Sources */,
				34335F52189E1AD800FF00B7 /* BINWriteViewController.m in Sources */,
				341FCA8718A133970045BE91 /* XYPieChart.m in Sources */,
				341B862118A1ED43000DF75B /* BINIncomeViewController.m in Sources */,
				34335F32189DFABD00FF00B7 /* BINMainViewController.m in Sources */,
			);
			runOnlyForDeploymentPostprocessing = 0;
		};
		34335E95189DF4D000FF00B7 /* Sources */ = {
			isa = PBXSourcesBuildPhase;
			buildActionMask = 2147483647;
			files = (
				34335EA7189DF4D000FF00B7 /* MyFinanceTests.m in Sources */,
			);
			runOnlyForDeploymentPostprocessing = 0;
		};
/* End PBXSourcesBuildPhase section */

/* Begin PBXTargetDependency section */
		34335E9F189DF4D000FF00B7 /* PBXTargetDependency */ = {
			isa = PBXTargetDependency;
			target = 34335E7D189DF4D000FF00B7 /* MyFinance */;
			targetProxy = 34335E9E189DF4D000FF00B7 /* PBXContainerItemProxy */;
		};
/* End PBXTargetDependency section */

/* Begin PBXVariantGroup section */
		34335E8A189DF4D000FF00B7 /* InfoPlist.strings */ = {
			isa = PBXVariantGroup;
			children = (
				34335E8B189DF4D000FF00B7 /* en */,
			);
			name = InfoPlist.strings;
			sourceTree = "<group>";
		};
		34335EA3189DF4D000FF00B7 /* InfoPlist.strings */ = {
			isa = PBXVariantGroup;
			children = (
				34335EA4189DF4D000FF00B7 /* en */,
			);
			name = InfoPlist.strings;
			sourceTree = "<group>";
		};
/* End PBXVariantGroup section */

/* Begin XCBuildConfiguration section */
		34335EA8189DF4D000FF00B7 /* Debug */ = {
			isa = XCBuildConfiguration;
			buildSettings = {
				ALWAYS_SEARCH_USER_PATHS = NO;
				ARCHS = "$(ARCHS_STANDARD_INCLUDING_64_BIT)";
				CLANG_CXX_LANGUAGE_STANDARD = "gnu++0x";
				CLANG_CXX_LIBRARY = "libc++";
				CLANG_ENABLE_MODULES = YES;
				CLANG_ENABLE_OBJC_ARC = YES;
				CLANG_WARN_BOOL_CONVERSION = YES;
				CLANG_WARN_CONSTANT_CONVERSION = YES;
				CLANG_WARN_DIRECT_OBJC_ISA_USAGE = YES_ERROR;
				CLANG_WARN_EMPTY_BODY = YES;
				CLANG_WARN_ENUM_CONVERSION = YES;
				CLANG_WARN_INT_CONVERSION = YES;
				CLANG_WARN_OBJC_ROOT_CLASS = YES_ERROR;
				CLANG_WARN__DUPLICATE_METHOD_MATCH = YES;
				"CODE_SIGN_IDENTITY[sdk=iphoneos*]" = "iPhone Developer";
				COPY_PHASE_STRIP = NO;
				GCC_C_LANGUAGE_STANDARD = gnu99;
				GCC_DYNAMIC_NO_PIC = NO;
				GCC_OPTIMIZATION_LEVEL = 0;
				GCC_PREPROCESSOR_DEFINITIONS = (
					"DEBUG=1",
					"$(inherited)",
				);
				GCC_SYMBOLS_PRIVATE_EXTERN = NO;
				GCC_WARN_64_TO_32_BIT_CONVERSION = YES;
				GCC_WARN_ABOUT_RETURN_TYPE = YES_ERROR;
				GCC_WARN_UNDECLARED_SELECTOR = YES;
				GCC_WARN_UNINITIALIZED_AUTOS = YES;
				GCC_WARN_UNUSED_FUNCTION = YES;
				GCC_WARN_UNUSED_VARIABLE = YES;
				IPHONEOS_DEPLOYMENT_TARGET = 7.0;
				ONLY_ACTIVE_ARCH = YES;
				SDKROOT = iphoneos;
			};
			name = Debug;
		};
		34335EA9189DF4D000FF00B7 /* Release */ = {
			isa = XCBuildConfiguration;
			buildSettings = {
				ALWAYS_SEARCH_USER_PATHS = NO;
				ARCHS = "$(ARCHS_STANDARD_INCLUDING_64_BIT)";
				CLANG_CXX_LANGUAGE_STANDARD = "gnu++0x";
				CLANG_CXX_LIBRARY = "libc++";
				CLANG_ENABLE_MODULES = YES;
				CLANG_ENABLE_OBJC_ARC = YES;
				CLANG_WARN_BOOL_CONVERSION = YES;
				CLANG_WARN_CONSTANT_CONVERSION = YES;
				CLANG_WARN_DIRECT_OBJC_ISA_USAGE = YES_ERROR;
				CLANG_WARN_EMPTY_BODY = YES;
				CLANG_WARN_ENUM_CONVERSION = YES;
				CLANG_WARN_INT_CONVERSION = YES;
				CLANG_WARN_OBJC_ROOT_CLASS = YES_ERROR;
				CLANG_WARN__DUPLICATE_METHOD_MATCH = YES;
				"CODE_SIGN_IDENTITY[sdk=iphoneos*]" = "iPhone Developer";
				COPY_PHASE_STRIP = YES;
				ENABLE_NS_ASSERTIONS = NO;
				GCC_C_LANGUAGE_STANDARD = gnu99;
				GCC_WARN_64_TO_32_BIT_CONVERSION = YES;
				GCC_WARN_ABOUT_RETURN_TYPE = YES_ERROR;
				GCC_WARN_UNDECLARED_SELECTOR = YES;
				GCC_WARN_UNINITIALIZED_AUTOS = YES;
				GCC_WARN_UNUSED_FUNCTION = YES;
				GCC_WARN_UNUSED_VARIABLE = YES;
				IPHONEOS_DEPLOYMENT_TARGET = 7.0;
				SDKROOT = iphoneos;
				VALIDATE_PRODUCT = YES;
			};
			name = Release;
		};
		34335EAB189DF4D000FF00B7 /* Debug */ = {
			isa = XCBuildConfiguration;
			buildSettings = {
				ASSETCATALOG_COMPILER_APPICON_NAME = AppIcon;
				ASSETCATALOG_COMPILER_LAUNCHIMAGE_NAME = LaunchImage;
				GCC_PRECOMPILE_PREFIX_HEADER = YES;
				GCC_PREFIX_HEADER = "MyFinance/MyFinance-Prefix.pch";
				INFOPLIST_FILE = "MyFinance/MyFinance-Info.plist";
				PRODUCT_NAME = "$(TARGET_NAME)";
				WRAPPER_EXTENSION = app;
			};
			name = Debug;
		};
		34335EAC189DF4D000FF00B7 /* Release */ = {
			isa = XCBuildConfiguration;
			buildSettings = {
				ASSETCATALOG_COMPILER_APPICON_NAME = AppIcon;
				ASSETCATALOG_COMPILER_LAUNCHIMAGE_NAME = LaunchImage;
				GCC_PRECOMPILE_PREFIX_HEADER = YES;
				GCC_PREFIX_HEADER = "MyFinance/MyFinance-Prefix.pch";
				INFOPLIST_FILE = "MyFinance/MyFinance-Info.plist";
				PRODUCT_NAME = "$(TARGET_NAME)";
				WRAPPER_EXTENSION = app;
			};
			name = Release;
		};
		34335EAE189DF4D000FF00B7 /* Debug */ = {
			isa = XCBuildConfiguration;
			buildSettings = {
				ARCHS = "$(ARCHS_STANDARD_INCLUDING_64_BIT)";
				BUNDLE_LOADER = "$(BUILT_PRODUCTS_DIR)/MyFinance.app/MyFinance";
				FRAMEWORK_SEARCH_PATHS = (
					"$(SDKROOT)/Developer/Library/Frameworks",
					"$(inherited)",
					"$(DEVELOPER_FRAMEWORKS_DIR)",
				);
				GCC_PRECOMPILE_PREFIX_HEADER = YES;
				GCC_PREFIX_HEADER = "MyFinance/MyFinance-Prefix.pch";
				GCC_PREPROCESSOR_DEFINITIONS = (
					"DEBUG=1",
					"$(inherited)",
				);
				INFOPLIST_FILE = "MyFinanceTests/MyFinanceTests-Info.plist";
				PRODUCT_NAME = "$(TARGET_NAME)";
				TEST_HOST = "$(BUNDLE_LOADER)";
				WRAPPER_EXTENSION = xctest;
			};
			name = Debug;
		};
		34335EAF189DF4D000FF00B7 /* Release */ = {
			isa = XCBuildConfiguration;
			buildSettings = {
				ARCHS = "$(ARCHS_STANDARD_INCLUDING_64_BIT)";
				BUNDLE_LOADER = "$(BUILT_PRODUCTS_DIR)/MyFinance.app/MyFinance";
				FRAMEWORK_SEARCH_PATHS = (
					"$(SDKROOT)/Developer/Library/Frameworks",
					"$(inherited)",
					"$(DEVELOPER_FRAMEWORKS_DIR)",
				);
				GCC_PRECOMPILE_PREFIX_HEADER = YES;
				GCC_PREFIX_HEADER = "MyFinance/MyFinance-Prefix.pch";
				INFOPLIST_FILE = "MyFinanceTests/MyFinanceTests-Info.plist";
				PRODUCT_NAME = "$(TARGET_NAME)";
				TEST_HOST = "$(BUNDLE_LOADER)";
				WRAPPER_EXTENSION = xctest;
			};
			name = Release;
		};
/* End XCBuildConfiguration section */

/* Begin XCConfigurationList section */
		34335E79189DF4D000FF00B7 /* Build configuration list for PBXProject "MyFinance" */ = {
			isa = XCConfigurationList;
			buildConfigurations = (
				34335EA8189DF4D000FF00B7 /* Debug */,
				34335EA9189DF4D000FF00B7 /* Release */,
			);
			defaultConfigurationIsVisible = 0;
			defaultConfigurationName = Release;
		};
		34335EAA189DF4D000FF00B7 /* Build configuration list for PBXNativeTarget "MyFinance" */ = {
			isa = XCConfigurationList;
			buildConfigurations = (
				34335EAB189DF4D000FF00B7 /* Debug */,
				34335EAC189DF4D000FF00B7 /* Release */,
			);
			defaultConfigurationIsVisible = 0;
			defaultConfigurationName = Release;
		};
		34335EAD189DF4D000FF00B7 /* Build configuration list for PBXNativeTarget "MyFinanceTests" */ = {
			isa = XCConfigurationList;
			buildConfigurations = (
				34335EAE189DF4D000FF00B7 /* Debug */,
				34335EAF189DF4D000FF00B7 /* Release */,
			);
			defaultConfigurationIsVisible = 0;
			defaultConfigurationName = Release;
		};
/* End XCConfigurationList section */
	};
	rootObject = 34335E76189DF4D000FF00B7 /* Project object */;
}
